
Microsoft Visual Studio Solution File, Format Version 12.00
# Visual Studio Version 17
VisualStudioVersion = 17.14.36603.0 d17.14
MinimumVisualStudioVersion = 10.0.40219.1
Project("{FAE04EC0-301F-11D3-BF4B-00C04F79EFBC}") = "PrinterDemo.Producer", "PrinterDemo.Producer\PrinterDemo.Producer.csproj", "{B1ABA467-9B4C-46F4-9ED4-DAF8992B1E0E}"
EndProject
Project("{FAE04EC0-301F-11D3-BF4B-00C04F79EFBC}") = "PrinterDemo.Consumer", "PrinterDemo.Consumer\PrinterDemo.Consumer.csproj", "{5D15EB62-489E-4B93-A8C7-050B84239616}"
EndProject
Project("{2150E333-8FDC-42A3-9474-1A3956D46DE8}") = "Solution Items", "Solution Items", "{02EA681E-C7D8-13C7-8484-4AC65E1B71E8}"
	ProjectSection(SolutionItems) = preProject
		.gitattributes = .gitattributes
		.gitignore = .gitignore
		README.md = README.md
	EndProjectSection
EndProject
Global
	GlobalSection(SolutionConfigurationPlatforms) = preSolution
		Debug|Any CPU = Debug|Any CPU
		Release|Any CPU = Release|Any CPU
	EndGlobalSection
	GlobalSection(ProjectConfigurationPlatforms) = postSolution
		{B1ABA467-9B4C-46F4-9ED4-DAF8992B1E0E}.Debug|Any CPU.ActiveCfg = Debug|Any CPU
		{B1ABA467-9B4C-46F4-9ED4-DAF8992B1E0E}.Debug|Any CPU.Build.0 = Debug|Any CPU
		{B1ABA467-9B4C-46F4-9ED4-DAF8992B1E0E}.Release|Any CPU.ActiveCfg = Release|Any CPU
		{B1ABA467-9B4C-46F4-9ED4-DAF8992B1E0E}.Release|Any CPU.Build.0 = Release|Any CPU
		{5D15EB62-489E-4B93-A8C7-050B84239616}.Debug|Any CPU.ActiveCfg = Debug|Any CPU
		{5D15EB62-489E-4B93-A8C7-050B84239616}.Debug|Any CPU.Build.0 = Debug|Any CPU
		{5D15EB62-489E-4B93-A8C7-050B84239616}.Release|Any CPU.ActiveCfg = Release|Any CPU
		{5D15EB62-489E-4B93-A8C7-050B84239616}.Release|Any CPU.Build.0 = Release|Any CPU
	EndGlobalSection
	GlobalSection(SolutionProperties) = preSolution
		HideSolutionNode = FALSE
	EndGlobalSection
	GlobalSection(ExtensibilityGlobals) = postSolution
		SolutionGuid = {079319E3-6DC5-4792-BB42-D538CC6C361F}
	EndGlobalSection
EndGlobal
